
Microsoft Visual Studio Solution File, Format Version 12.00
# Visual Studio 2012
Project("{FAE04EC0-301F-11D3-BF4B-00C04F79EFBC}") = "FixBugProject", "FixBugProject.csproj", "{89B81FFA-2613-4923-B3CF-CCB6785AA185}"
EndProject
Project("{FAE04EC0-301F-11D3-BF4B-00C04F79EFBC}") = "LongestRun", "LongestRun\LongestRun.csproj", "{324C1678-D0C5-49A8-A0E5-81AB9257BBEB}"
EndProject
Project("{FAE04EC0-301F-11D3-BF4B-00C04F79EFBC}") = "BinarySearchTreeProject", "BinarySearchTreeProject\BinarySearchTreeProject.csproj", "{04F964B0-2A88-4D2A-8221-818D74A47482}"
EndProject
Project("{FAE04EC0-301F-11D3-BF4B-00C04F79EFBC}") = "ChangeDirProject", "ChangeDirProject\ChangeDirProject.csproj", "{EF73048B-5E33-4561-BFA2-95ED4C9FDD2A}"
EndProject
Global
	GlobalSection(SolutionConfigurationPlatforms) = preSolution
		Debug|Any CPU = Debug|Any CPU
		Release|Any CPU = Release|Any CPU
	EndGlobalSection
	GlobalSection(ProjectConfigurationPlatforms) = postSolution
		{89B81FFA-2613-4923-B3CF-CCB6785AA185}.Debug|Any CPU.ActiveCfg = Debug|Any CPU
		{89B81FFA-2613-4923-B3CF-CCB6785AA185}.Debug|Any CPU.Build.0 = Debug|Any CPU
		{89B81FFA-2613-4923-B3CF-CCB6785AA185}.Release|Any CPU.ActiveCfg = Release|Any CPU
		{89B81FFA-2613-4923-B3CF-CCB6785AA185}.Release|Any CPU.Build.0 = Release|Any CPU
		{324C1678-D0C5-49A8-A0E5-81AB9257BBEB}.Debug|Any CPU.ActiveCfg = Debug|Any CPU
		{324C1678-D0C5-49A8-A0E5-81AB9257BBEB}.Debug|Any CPU.Build.0 = Debug|Any CPU
		{324C1678-D0C5-49A8-A0E5-81AB9257BBEB}.Release|Any CPU.ActiveCfg = Release|Any CPU
		{324C1678-D0C5-49A8-A0E5-81AB9257BBEB}.Release|Any CPU.Build.0 = Release|Any CPU
		{04F964B0-2A88-4D2A-8221-818D74A47482}.Debug|Any CPU.ActiveCfg = Debug|Any CPU
		{04F964B0-2A88-4D2A-8221-818D74A47482}.Debug|Any CPU.Build.0 = Debug|Any CPU
		{04F964B0-2A88-4D2A-8221-818D74A47482}.Release|Any CPU.ActiveCfg = Release|Any CPU
		{04F964B0-2A88-4D2A-8221-818D74A47482}.Release|Any CPU.Build.0 = Release|Any CPU
		{EF73048B-5E33-4561-BFA2-95ED4C9FDD2A}.Debug|Any CPU.ActiveCfg = Debug|Any CPU
		{EF73048B-5E33-4561-BFA2-95ED4C9FDD2A}.Debug|Any CPU.Build.0 = Debug|Any CPU
		{EF73048B-5E33-4561-BFA2-95ED4C9FDD2A}.Release|Any CPU.ActiveCfg = Release|Any CPU
		{EF73048B-5E33-4561-BFA2-95ED4C9FDD2A}.Release|Any CPU.Build.0 = Release|Any CPU
	EndGlobalSection
	GlobalSection(SolutionProperties) = preSolution
		HideSolutionNode = FALSE
	EndGlobalSection
EndGlobal
